
Microsoft Visual Studio Solution File, Format Version 12.00
# Visual Studio Version 17
VisualStudioVersion = 17.7.34031.279
MinimumVisualStudioVersion = 10.0.40219.1
Project("{FAE04EC0-301F-11D3-BF4B-00C04F79EFBC}") = "Push", "Push\Push.csproj", "{45945707-BB89-4CC9-81D2-D416F9C30680}"
EndProject
Global
	GlobalSection(SolutionConfigurationPlatforms) = preSolution
		Debug|Any CPU = Debug|Any CPU
		Release|Any CPU = Release|Any CPU
	EndGlobalSection
	GlobalSection(ProjectConfigurationPlatforms) = postSolution
		{45945707-BB89-4CC9-81D2-D416F9C30680}.Debug|Any CPU.ActiveCfg = Debug|Any CPU
		{45945707-BB89-4CC9-81D2-D416F9C30680}.Debug|Any CPU.Build.0 = Debug|Any CPU
		{45945707-BB89-4CC9-81D2-D416F9C30680}.Release|Any CPU.ActiveCfg = Release|Any CPU
		{45945707-BB89-4CC9-81D2-D416F9C30680}.Release|Any CPU.Build.0 = Release|Any CPU
	EndGlobalSection
	GlobalSection(SolutionProperties) = preSolution
		HideSolutionNode = FALSE
	EndGlobalSection
	GlobalSection(ExtensibilityGlobals) = postSolution
		SolutionGuid = {15E2EF7B-BBCB-44E1-AB6A-CEDEC7AC6431}
	EndGlobalSection
EndGlobal
